
Microsoft Visual Studio Solution File, Format Version 12.00
# Visual Studio Version 17
VisualStudioVersion = 17.12.35323.107
MinimumVisualStudioVersion = 10.0.40219.1
Project("{FAE04EC0-301F-11D3-BF4B-00C04F79EFBC}") = "WebdotNet", "WebdotNet\WebdotNet.csproj", "{062D4EE0-23E4-40F0-834A-8E235A4588A9}"
EndProject
Project("{FAE04EC0-301F-11D3-BF4B-00C04F79EFBC}") = "WebdotNet.DataAccess", "WebdotNet.DataAccess\WebdotNet.DataAccess.csproj", "{AD7DBEF6-30E3-468D-B361-3A905E8CB8F9}"
EndProject
Project("{FAE04EC0-301F-11D3-BF4B-00C04F79EFBC}") = "WebdotNet.Models", "WebdotNet.Models\WebdotNet.Models.csproj", "{F145EA32-4ECA-40D3-8069-2D73582D68E8}"
EndProject
Project("{FAE04EC0-301F-11D3-BF4B-00C04F79EFBC}") = "WebdotNet.Utility", "WebdotNet.Ultility\WebdotNet.Utility.csproj", "{39BDB23C-FDAC-4747-8DA2-83AA05F9AB59}"
EndProject
Global
	GlobalSection(SolutionConfigurationPlatforms) = preSolution
		Debug|Any CPU = Debug|Any CPU
		Release|Any CPU = Release|Any CPU
	EndGlobalSection
	GlobalSection(ProjectConfigurationPlatforms) = postSolution
		{062D4EE0-23E4-40F0-834A-8E235A4588A9}.Debug|Any CPU.ActiveCfg = Debug|Any CPU
		{062D4EE0-23E4-40F0-834A-8E235A4588A9}.Debug|Any CPU.Build.0 = Debug|Any CPU
		{062D4EE0-23E4-40F0-834A-8E235A4588A9}.Release|Any CPU.ActiveCfg = Release|Any CPU
		{062D4EE0-23E4-40F0-834A-8E235A4588A9}.Release|Any CPU.Build.0 = Release|Any CPU
		{AD7DBEF6-30E3-468D-B361-3A905E8CB8F9}.Debug|Any CPU.ActiveCfg = Debug|Any CPU
		{AD7DBEF6-30E3-468D-B361-3A905E8CB8F9}.Debug|Any CPU.Build.0 = Debug|Any CPU
		{AD7DBEF6-30E3-468D-B361-3A905E8CB8F9}.Release|Any CPU.ActiveCfg = Release|Any CPU
		{AD7DBEF6-30E3-468D-B361-3A905E8CB8F9}.Release|Any CPU.Build.0 = Release|Any CPU
		{F145EA32-4ECA-40D3-8069-2D73582D68E8}.Debug|Any CPU.ActiveCfg = Debug|Any CPU
		{F145EA32-4ECA-40D3-8069-2D73582D68E8}.Debug|Any CPU.Build.0 = Debug|Any CPU
		{F145EA32-4ECA-40D3-8069-2D73582D68E8}.Release|Any CPU.ActiveCfg = Release|Any CPU
		{F145EA32-4ECA-40D3-8069-2D73582D68E8}.Release|Any CPU.Build.0 = Release|Any CPU
		{39BDB23C-FDAC-4747-8DA2-83AA05F9AB59}.Debug|Any CPU.ActiveCfg = Debug|Any CPU
		{39BDB23C-FDAC-4747-8DA2-83AA05F9AB59}.Debug|Any CPU.Build.0 = Debug|Any CPU
		{39BDB23C-FDAC-4747-8DA2-83AA05F9AB59}.Release|Any CPU.ActiveCfg = Release|Any CPU
		{39BDB23C-FDAC-4747-8DA2-83AA05F9AB59}.Release|Any CPU.Build.0 = Release|Any CPU
	EndGlobalSection
	GlobalSection(SolutionProperties) = preSolution
		HideSolutionNode = FALSE
	EndGlobalSection
	GlobalSection(ExtensibilityGlobals) = postSolution
		SolutionGuid = {F211FD9D-2421-4B99-81C5-6CFF0FD35950}
	EndGlobalSection
EndGlobal
